// !$*UTF8*$!
{
	archiveVersion = 1;
	classes = {
	};
	objectVersion = 56;
	objects = {

/* Begin PBXBuildFile section */
		091E281C2B87D77300957CE6 /* Constants.swift in Sources */ = {isa = PBXBuildFile; fileRef = 091E281B2B87D77300957CE6 /* Constants.swift */; };
		091E281E2B87D95300957CE6 /* TopRateResponseEntity.swift in Sources */ = {isa = PBXBuildFile; fileRef = 091E281D2B87D95300957CE6 /* TopRateResponseEntity.swift */; };
		091E28202B87D9EC00957CE6 /* TopRateEntity.swift in Sources */ = {isa = PBXBuildFile; fileRef = 091E281F2B87D9EC00957CE6 /* TopRateEntity.swift */; };
		091E28222B87DE7700957CE6 /* APIError.swift in Sources */ = {isa = PBXBuildFile; fileRef = 091E28212B87DE7700957CE6 /* APIError.swift */; };
		092B23EB2B8D579100B2CB69 /* PopularMovieResponseEntity.swift in Sources */ = {isa = PBXBuildFile; fileRef = 092B23EA2B8D579100B2CB69 /* PopularMovieResponseEntity.swift */; };
		092B23ED2B8D57B400B2CB69 /* PopularMovieEntity.swift in Sources */ = {isa = PBXBuildFile; fileRef = 092B23EC2B8D57B400B2CB69 /* PopularMovieEntity.swift */; };
		092B23EF2B8D57D300B2CB69 /* NowPlayingResponseEntity.swift in Sources */ = {isa = PBXBuildFile; fileRef = 092B23EE2B8D57D300B2CB69 /* NowPlayingResponseEntity.swift */; };
		092B23F12B8D581700B2CB69 /* NowPlayingEntity.swift in Sources */ = {isa = PBXBuildFile; fileRef = 092B23F02B8D581700B2CB69 /* NowPlayingEntity.swift */; };
		092B23F32B8D586000B2CB69 /* UpComingResponseEntity.swift in Sources */ = {isa = PBXBuildFile; fileRef = 092B23F22B8D586000B2CB69 /* UpComingResponseEntity.swift */; };
		092B23F52B8D588B00B2CB69 /* UpComingEntity.swift in Sources */ = {isa = PBXBuildFile; fileRef = 092B23F42B8D588B00B2CB69 /* UpComingEntity.swift */; };
		092B23F72B8D59DB00B2CB69 /* MapperManager.swift in Sources */ = {isa = PBXBuildFile; fileRef = 092B23F62B8D59DB00B2CB69 /* MapperManager.swift */; };
		096782582B86D26800BB1C7A /* BrowseViewController.swift in Sources */ = {isa = PBXBuildFile; fileRef = 096782572B86D26800BB1C7A /* BrowseViewController.swift */; };
		0967825A2B87CAA600BB1C7A /* BrowserInteractor.swift in Sources */ = {isa = PBXBuildFile; fileRef = 096782592B87CAA600BB1C7A /* BrowserInteractor.swift */; };
		0967825C2B87CB1600BB1C7A /* BrowserPresenter.swift in Sources */ = {isa = PBXBuildFile; fileRef = 0967825B2B87CB1600BB1C7A /* BrowserPresenter.swift */; };
		0967825E2B87D48300BB1C7A /* BrowserRouter.swift in Sources */ = {isa = PBXBuildFile; fileRef = 0967825D2B87D48300BB1C7A /* BrowserRouter.swift */; };
		0986035D2B71976C00F275FC /* ValidateManager.swift in Sources */ = {isa = PBXBuildFile; fileRef = 0986035C2B71976C00F275FC /* ValidateManager.swift */; };
		098603622B769AB700F275FC /* GoogleService-Info.plist in Resources */ = {isa = PBXBuildFile; fileRef = 098603612B769AB700F275FC /* GoogleService-Info.plist */; };
		09E0263F2B7014490033B2D4 /* AppDelegate.swift in Sources */ = {isa = PBXBuildFile; fileRef = 09E0263E2B7014490033B2D4 /* AppDelegate.swift */; };
		09E026412B7014490033B2D4 /* SceneDelegate.swift in Sources */ = {isa = PBXBuildFile; fileRef = 09E026402B7014490033B2D4 /* SceneDelegate.swift */; };
		09E026432B7014490033B2D4 /* ViewController.swift in Sources */ = {isa = PBXBuildFile; fileRef = 09E026422B7014490033B2D4 /* ViewController.swift */; };
		09E026482B7014520033B2D4 /* Assets.xcassets in Resources */ = {isa = PBXBuildFile; fileRef = 09E026472B7014520033B2D4 /* Assets.xcassets */; };
		09E0264B2B7014520033B2D4 /* LaunchScreen.storyboard in Resources */ = {isa = PBXBuildFile; fileRef = 09E026492B7014520033B2D4 /* LaunchScreen.storyboard */; };
		09E026562B7014530033B2D4 /* Movie_StoreTests.swift in Sources */ = {isa = PBXBuildFile; fileRef = 09E026552B7014530033B2D4 /* Movie_StoreTests.swift */; };
		09E026602B7014540033B2D4 /* Movie_StoreUITests.swift in Sources */ = {isa = PBXBuildFile; fileRef = 09E0265F2B7014540033B2D4 /* Movie_StoreUITests.swift */; };
		09E026622B7014540033B2D4 /* Movie_StoreUITestsLaunchTests.swift in Sources */ = {isa = PBXBuildFile; fileRef = 09E026612B7014540033B2D4 /* Movie_StoreUITestsLaunchTests.swift */; };
		09E0267A2B7022B80033B2D4 /* AuthManager.swift in Sources */ = {isa = PBXBuildFile; fileRef = 09E026792B7022B80033B2D4 /* AuthManager.swift */; };
		09E0267C2B7024420033B2D4 /* LogInViewController.swift in Sources */ = {isa = PBXBuildFile; fileRef = 09E0267B2B7024420033B2D4 /* LogInViewController.swift */; };
		09E026802B703CA90033B2D4 /* LogInRouter.swift in Sources */ = {isa = PBXBuildFile; fileRef = 09E0267F2B703CA90033B2D4 /* LogInRouter.swift */; };
		09E026862B703F940033B2D4 /* SignUpRouter.swift in Sources */ = {isa = PBXBuildFile; fileRef = 09E026852B703F940033B2D4 /* SignUpRouter.swift */; };
		09E026882B7041270033B2D4 /* LogInInterector.swift in Sources */ = {isa = PBXBuildFile; fileRef = 09E026872B7041270033B2D4 /* LogInInterector.swift */; };
		09E0268B2B7042400033B2D4 /* LogInPresenter.swift in Sources */ = {isa = PBXBuildFile; fileRef = 09E0268A2B7042400033B2D4 /* LogInPresenter.swift */; };
		09E0268D2B7042980033B2D4 /* SignUpPresenter.swift in Sources */ = {isa = PBXBuildFile; fileRef = 09E0268C2B7042980033B2D4 /* SignUpPresenter.swift */; };
		09E0268F2B7042C90033B2D4 /* SignUpInteractor.swift in Sources */ = {isa = PBXBuildFile; fileRef = 09E0268E2B7042C90033B2D4 /* SignUpInteractor.swift */; };
		09E026912B70442D0033B2D4 /* SignUpViewController.swift in Sources */ = {isa = PBXBuildFile; fileRef = 09E026902B70442D0033B2D4 /* SignUpViewController.swift */; };
		09E5CE1D2B88153600060770 /* CoverItemCell.swift in Sources */ = {isa = PBXBuildFile; fileRef = 09E5CE1C2B88153600060770 /* CoverItemCell.swift */; };
		09E5CE202B88194C00060770 /* ItemModelCell.swift in Sources */ = {isa = PBXBuildFile; fileRef = 09E5CE1F2B88194C00060770 /* ItemModelCell.swift */; };
		09E5CE222B88201700060770 /* HeaderReusableCellView.swift in Sources */ = {isa = PBXBuildFile; fileRef = 09E5CE212B88201700060770 /* HeaderReusableCellView.swift */; };
		09E5CE242B88FE4700060770 /* Test_AuthManager.swift in Sources */ = {isa = PBXBuildFile; fileRef = 09E5CE232B88FE4700060770 /* Test_AuthManager.swift */; };
		76E8AEEABB5595D05D1BE4B6 /* Pods_Movie_StoreTests.framework in Frameworks */ = {isa = PBXBuildFile; fileRef = 1F38E0938C1B9E3A9FB9C405 /* Pods_Movie_StoreTests.framework */; };
		7C72F61039585F265C0C664B /* Pods_Movie_Store_Movie_StoreUITests.framework in Frameworks */ = {isa = PBXBuildFile; fileRef = E35D04E50726719BB9B10C4F /* Pods_Movie_Store_Movie_StoreUITests.framework */; };
		B4091805199284766043F61F /* Pods_Movie_Store.framework in Frameworks */ = {isa = PBXBuildFile; fileRef = 20C1CAE2BEA487A34D54AC19 /* Pods_Movie_Store.framework */; };
/* End PBXBuildFile section */

/* Begin PBXContainerItemProxy section */
		09E026522B7014530033B2D4 /* PBXContainerItemProxy */ = {
			isa = PBXContainerItemProxy;
			containerPortal = 09E026332B7014480033B2D4 /* Project object */;
			proxyType = 1;
			remoteGlobalIDString = 09E0263A2B7014490033B2D4;
			remoteInfo = "Movie Store";
		};
		09E0265C2B7014540033B2D4 /* PBXContainerItemProxy */ = {
			isa = PBXContainerItemProxy;
			containerPortal = 09E026332B7014480033B2D4 /* Project object */;
			proxyType = 1;
			remoteGlobalIDString = 09E0263A2B7014490033B2D4;
			remoteInfo = "Movie Store";
		};
/* End PBXContainerItemProxy section */

/* Begin PBXFileReference section */
		091E281B2B87D77300957CE6 /* Constants.swift */ = {isa = PBXFileReference; lastKnownFileType = sourcecode.swift; path = Constants.swift; sourceTree = "<group>"; };
		091E281D2B87D95300957CE6 /* TopRateResponseEntity.swift */ = {isa = PBXFileReference; lastKnownFileType = sourcecode.swift; path = TopRateResponseEntity.swift; sourceTree = "<group>"; };
		091E281F2B87D9EC00957CE6 /* TopRateEntity.swift */ = {isa = PBXFileReference; lastKnownFileType = sourcecode.swift; path = TopRateEntity.swift; sourceTree = "<group>"; };
		091E28212B87DE7700957CE6 /* APIError.swift */ = {isa = PBXFileReference; lastKnownFileType = sourcecode.swift; path = APIError.swift; sourceTree = "<group>"; };
		092B23EA2B8D579100B2CB69 /* PopularMovieResponseEntity.swift */ = {isa = PBXFileReference; lastKnownFileType = sourcecode.swift; path = PopularMovieResponseEntity.swift; sourceTree = "<group>"; };
		092B23EC2B8D57B400B2CB69 /* PopularMovieEntity.swift */ = {isa = PBXFileReference; lastKnownFileType = sourcecode.swift; path = PopularMovieEntity.swift; sourceTree = "<group>"; };
		092B23EE2B8D57D300B2CB69 /* NowPlayingResponseEntity.swift */ = {isa = PBXFileReference; lastKnownFileType = sourcecode.swift; path = NowPlayingResponseEntity.swift; sourceTree = "<group>"; };
		092B23F02B8D581700B2CB69 /* NowPlayingEntity.swift */ = {isa = PBXFileReference; lastKnownFileType = sourcecode.swift; path = NowPlayingEntity.swift; sourceTree = "<group>"; };
		092B23F22B8D586000B2CB69 /* UpComingResponseEntity.swift */ = {isa = PBXFileReference; lastKnownFileType = sourcecode.swift; path = UpComingResponseEntity.swift; sourceTree = "<group>"; };
		092B23F42B8D588B00B2CB69 /* UpComingEntity.swift */ = {isa = PBXFileReference; lastKnownFileType = sourcecode.swift; path = UpComingEntity.swift; sourceTree = "<group>"; };
		092B23F62B8D59DB00B2CB69 /* MapperManager.swift */ = {isa = PBXFileReference; lastKnownFileType = sourcecode.swift; path = MapperManager.swift; sourceTree = "<group>"; };
		096782572B86D26800BB1C7A /* BrowseViewController.swift */ = {isa = PBXFileReference; lastKnownFileType = sourcecode.swift; path = BrowseViewController.swift; sourceTree = "<group>"; };
		096782592B87CAA600BB1C7A /* BrowserInteractor.swift */ = {isa = PBXFileReference; lastKnownFileType = sourcecode.swift; path = BrowserInteractor.swift; sourceTree = "<group>"; };
		0967825B2B87CB1600BB1C7A /* BrowserPresenter.swift */ = {isa = PBXFileReference; lastKnownFileType = sourcecode.swift; path = BrowserPresenter.swift; sourceTree = "<group>"; };
		0967825D2B87D48300BB1C7A /* BrowserRouter.swift */ = {isa = PBXFileReference; lastKnownFileType = sourcecode.swift; path = BrowserRouter.swift; sourceTree = "<group>"; };
		0986035C2B71976C00F275FC /* ValidateManager.swift */ = {isa = PBXFileReference; lastKnownFileType = sourcecode.swift; path = ValidateManager.swift; sourceTree = "<group>"; };
		098603612B769AB700F275FC /* GoogleService-Info.plist */ = {isa = PBXFileReference; fileEncoding = 4; lastKnownFileType = text.plist.xml; path = "GoogleService-Info.plist"; sourceTree = "<group>"; };
		09E0263B2B7014490033B2D4 /* Movie Store.app */ = {isa = PBXFileReference; explicitFileType = wrapper.application; includeInIndex = 0; path = "Movie Store.app"; sourceTree = BUILT_PRODUCTS_DIR; };
		09E0263E2B7014490033B2D4 /* AppDelegate.swift */ = {isa = PBXFileReference; lastKnownFileType = sourcecode.swift; path = AppDelegate.swift; sourceTree = "<group>"; };
		09E026402B7014490033B2D4 /* SceneDelegate.swift */ = {isa = PBXFileReference; lastKnownFileType = sourcecode.swift; path = SceneDelegate.swift; sourceTree = "<group>"; };
		09E026422B7014490033B2D4 /* ViewController.swift */ = {isa = PBXFileReference; lastKnownFileType = sourcecode.swift; path = ViewController.swift; sourceTree = "<group>"; };
		09E026472B7014520033B2D4 /* Assets.xcassets */ = {isa = PBXFileReference; lastKnownFileType = folder.assetcatalog; path = Assets.xcassets; sourceTree = "<group>"; };
		09E0264A2B7014520033B2D4 /* Base */ = {isa = PBXFileReference; lastKnownFileType = file.storyboard; name = Base; path = Base.lproj/LaunchScreen.storyboard; sourceTree = "<group>"; };
		09E0264C2B7014520033B2D4 /* Info.plist */ = {isa = PBXFileReference; lastKnownFileType = text.plist.xml; path = Info.plist; sourceTree = "<group>"; };
		09E026512B7014530033B2D4 /* Movie StoreTests.xctest */ = {isa = PBXFileReference; explicitFileType = wrapper.cfbundle; includeInIndex = 0; path = "Movie StoreTests.xctest"; sourceTree = BUILT_PRODUCTS_DIR; };
		09E026552B7014530033B2D4 /* Movie_StoreTests.swift */ = {isa = PBXFileReference; lastKnownFileType = sourcecode.swift; path = Movie_StoreTests.swift; sourceTree = "<group>"; };
		09E0265B2B7014540033B2D4 /* Movie StoreUITests.xctest */ = {isa = PBXFileReference; explicitFileType = wrapper.cfbundle; includeInIndex = 0; path = "Movie StoreUITests.xctest"; sourceTree = BUILT_PRODUCTS_DIR; };
		09E0265F2B7014540033B2D4 /* Movie_StoreUITests.swift */ = {isa = PBXFileReference; lastKnownFileType = sourcecode.swift; path = Movie_StoreUITests.swift; sourceTree = "<group>"; };
		09E026612B7014540033B2D4 /* Movie_StoreUITestsLaunchTests.swift */ = {isa = PBXFileReference; lastKnownFileType = sourcecode.swift; path = Movie_StoreUITestsLaunchTests.swift; sourceTree = "<group>"; };
		09E026792B7022B80033B2D4 /* AuthManager.swift */ = {isa = PBXFileReference; lastKnownFileType = sourcecode.swift; path = AuthManager.swift; sourceTree = "<group>"; };
		09E0267B2B7024420033B2D4 /* LogInViewController.swift */ = {isa = PBXFileReference; lastKnownFileType = sourcecode.swift; path = LogInViewController.swift; sourceTree = "<group>"; };
		09E0267F2B703CA90033B2D4 /* LogInRouter.swift */ = {isa = PBXFileReference; lastKnownFileType = sourcecode.swift; path = LogInRouter.swift; sourceTree = "<group>"; };
		09E026852B703F940033B2D4 /* SignUpRouter.swift */ = {isa = PBXFileReference; lastKnownFileType = sourcecode.swift; path = SignUpRouter.swift; sourceTree = "<group>"; };
		09E026872B7041270033B2D4 /* LogInInterector.swift */ = {isa = PBXFileReference; lastKnownFileType = sourcecode.swift; path = LogInInterector.swift; sourceTree = "<group>"; };
		09E0268A2B7042400033B2D4 /* LogInPresenter.swift */ = {isa = PBXFileReference; lastKnownFileType = sourcecode.swift; path = LogInPresenter.swift; sourceTree = "<group>"; };
		09E0268C2B7042980033B2D4 /* SignUpPresenter.swift */ = {isa = PBXFileReference; lastKnownFileType = sourcecode.swift; path = SignUpPresenter.swift; sourceTree = "<group>"; };
		09E0268E2B7042C90033B2D4 /* SignUpInteractor.swift */ = {isa = PBXFileReference; lastKnownFileType = sourcecode.swift; path = SignUpInteractor.swift; sourceTree = "<group>"; };
		09E026902B70442D0033B2D4 /* SignUpViewController.swift */ = {isa = PBXFileReference; lastKnownFileType = sourcecode.swift; path = SignUpViewController.swift; sourceTree = "<group>"; };
		09E5CE1C2B88153600060770 /* CoverItemCell.swift */ = {isa = PBXFileReference; lastKnownFileType = sourcecode.swift; path = CoverItemCell.swift; sourceTree = "<group>"; };
		09E5CE1F2B88194C00060770 /* ItemModelCell.swift */ = {isa = PBXFileReference; lastKnownFileType = sourcecode.swift; path = ItemModelCell.swift; sourceTree = "<group>"; };
		09E5CE212B88201700060770 /* HeaderReusableCellView.swift */ = {isa = PBXFileReference; lastKnownFileType = sourcecode.swift; path = HeaderReusableCellView.swift; sourceTree = "<group>"; };
		09E5CE232B88FE4700060770 /* Test_AuthManager.swift */ = {isa = PBXFileReference; lastKnownFileType = sourcecode.swift; path = Test_AuthManager.swift; sourceTree = "<group>"; };
		1F38E0938C1B9E3A9FB9C405 /* Pods_Movie_StoreTests.framework */ = {isa = PBXFileReference; explicitFileType = wrapper.framework; includeInIndex = 0; path = Pods_Movie_StoreTests.framework; sourceTree = BUILT_PRODUCTS_DIR; };
		20C1CAE2BEA487A34D54AC19 /* Pods_Movie_Store.framework */ = {isa = PBXFileReference; explicitFileType = wrapper.framework; includeInIndex = 0; path = Pods_Movie_Store.framework; sourceTree = BUILT_PRODUCTS_DIR; };
		4CB5DDB58989D6059D8C3AB6 /* Pods-Movie Store.release.xcconfig */ = {isa = PBXFileReference; includeInIndex = 1; lastKnownFileType = text.xcconfig; name = "Pods-Movie Store.release.xcconfig"; path = "Target Support Files/Pods-Movie Store/Pods-Movie Store.release.xcconfig"; sourceTree = "<group>"; };
		AEF1C6D8A8573194FC472E4A /* Pods-Movie Store-Movie StoreUITests.release.xcconfig */ = {isa = PBXFileReference; includeInIndex = 1; lastKnownFileType = text.xcconfig; name = "Pods-Movie Store-Movie StoreUITests.release.xcconfig"; path = "Target Support Files/Pods-Movie Store-Movie StoreUITests/Pods-Movie Store-Movie StoreUITests.release.xcconfig"; sourceTree = "<group>"; };
		D0E3A915D4B4B90938DFE5FF /* Pods-Movie StoreTests.debug.xcconfig */ = {isa = PBXFileReference; includeInIndex = 1; lastKnownFileType = text.xcconfig; name = "Pods-Movie StoreTests.debug.xcconfig"; path = "Target Support Files/Pods-Movie StoreTests/Pods-Movie StoreTests.debug.xcconfig"; sourceTree = "<group>"; };
		DEE984EB278C22040B1866DC /* Pods-Movie StoreTests.release.xcconfig */ = {isa = PBXFileReference; includeInIndex = 1; lastKnownFileType = text.xcconfig; name = "Pods-Movie StoreTests.release.xcconfig"; path = "Target Support Files/Pods-Movie StoreTests/Pods-Movie StoreTests.release.xcconfig"; sourceTree = "<group>"; };
		E35D04E50726719BB9B10C4F /* Pods_Movie_Store_Movie_StoreUITests.framework */ = {isa = PBXFileReference; explicitFileType = wrapper.framework; includeInIndex = 0; path = Pods_Movie_Store_Movie_StoreUITests.framework; sourceTree = BUILT_PRODUCTS_DIR; };
		EA10085E1FA87911114DB047 /* Pods-Movie Store-Movie StoreUITests.debug.xcconfig */ = {isa = PBXFileReference; includeInIndex = 1; lastKnownFileType = text.xcconfig; name = "Pods-Movie Store-Movie StoreUITests.debug.xcconfig"; path = "Target Support Files/Pods-Movie Store-Movie StoreUITests/Pods-Movie Store-Movie StoreUITests.debug.xcconfig"; sourceTree = "<group>"; };
		F76C753B4C2AA3A848155018 /* Pods-Movie Store.debug.xcconfig */ = {isa = PBXFileReference; includeInIndex = 1; lastKnownFileType = text.xcconfig; name = "Pods-Movie Store.debug.xcconfig"; path = "Target Support Files/Pods-Movie Store/Pods-Movie Store.debug.xcconfig"; sourceTree = "<group>"; };
/* End PBXFileReference section */

/* Begin PBXFrameworksBuildPhase section */
		09E026382B7014490033B2D4 /* Frameworks */ = {
			isa = PBXFrameworksBuildPhase;
			buildActionMask = 2147483647;
			files = (
				B4091805199284766043F61F /* Pods_Movie_Store.framework in Frameworks */,
			);
			runOnlyForDeploymentPostprocessing = 0;
		};
		09E0264E2B7014530033B2D4 /* Frameworks */ = {
			isa = PBXFrameworksBuildPhase;
			buildActionMask = 2147483647;
			files = (
				76E8AEEABB5595D05D1BE4B6 /* Pods_Movie_StoreTests.framework in Frameworks */,
			);
			runOnlyForDeploymentPostprocessing = 0;
		};
		09E026582B7014540033B2D4 /* Frameworks */ = {
			isa = PBXFrameworksBuildPhase;
			buildActionMask = 2147483647;
			files = (
				7C72F61039585F265C0C664B /* Pods_Movie_Store_Movie_StoreUITests.framework in Frameworks */,
			);
			runOnlyForDeploymentPostprocessing = 0;
		};
/* End PBXFrameworksBuildPhase section */

/* Begin PBXGroup section */
		096782522B86D1F000BB1C7A /* View */ = {
			isa = PBXGroup;
			children = (
				096782572B86D26800BB1C7A /* BrowseViewController.swift */,
			);
			path = View;
			sourceTree = "<group>";
		};
		096782532B86D1F800BB1C7A /* Interactor */ = {
			isa = PBXGroup;
			children = (
				096782592B87CAA600BB1C7A /* BrowserInteractor.swift */,
			);
			path = Interactor;
			sourceTree = "<group>";
		};
		096782542B86D20000BB1C7A /* Presenter */ = {
			isa = PBXGroup;
			children = (
				0967825B2B87CB1600BB1C7A /* BrowserPresenter.swift */,
			);
			path = Presenter;
			sourceTree = "<group>";
		};
		096782552B86D20800BB1C7A /* Entity */ = {
			isa = PBXGroup;
			children = (
				091E281D2B87D95300957CE6 /* TopRateResponseEntity.swift */,
				091E281F2B87D9EC00957CE6 /* TopRateEntity.swift */,
				092B23EA2B8D579100B2CB69 /* PopularMovieResponseEntity.swift */,
				092B23EC2B8D57B400B2CB69 /* PopularMovieEntity.swift */,
				092B23EE2B8D57D300B2CB69 /* NowPlayingResponseEntity.swift */,
				092B23F02B8D581700B2CB69 /* NowPlayingEntity.swift */,
				092B23F22B8D586000B2CB69 /* UpComingResponseEntity.swift */,
				092B23F42B8D588B00B2CB69 /* UpComingEntity.swift */,
			);
			path = Entity;
			sourceTree = "<group>";
		};
		096782562B86D21400BB1C7A /* Router */ = {
			isa = PBXGroup;
			children = (
				0967825D2B87D48300BB1C7A /* BrowserRouter.swift */,
			);
			path = Router;
			sourceTree = "<group>";
		};
		09E026322B7014480033B2D4 = {
			isa = PBXGroup;
			children = (
				09E0263D2B7014490033B2D4 /* Movie Store */,
				09E026542B7014530033B2D4 /* Movie StoreTests */,
				09E0265E2B7014540033B2D4 /* Movie StoreUITests */,
				09E0263C2B7014490033B2D4 /* Products */,
				2C52E70FAF075A3698CD10CC /* Pods */,
				D0F04E9BD48583E43F4BB182 /* Frameworks */,
			);
			sourceTree = "<group>";
		};
		09E0263C2B7014490033B2D4 /* Products */ = {
			isa = PBXGroup;
			children = (
				09E0263B2B7014490033B2D4 /* Movie Store.app */,
				09E026512B7014530033B2D4 /* Movie StoreTests.xctest */,
				09E0265B2B7014540033B2D4 /* Movie StoreUITests.xctest */,
			);
			name = Products;
			sourceTree = "<group>";
		};
		09E0263D2B7014490033B2D4 /* Movie Store */ = {
			isa = PBXGroup;
			children = (
				09E026782B70229F0033B2D4 /* Managers */,
				09E0266E2B7021120033B2D4 /* Utils */,
				09E0266F2B7021210033B2D4 /* Moduls */,
				09E0263E2B7014490033B2D4 /* AppDelegate.swift */,
				09E026402B7014490033B2D4 /* SceneDelegate.swift */,
				09E026422B7014490033B2D4 /* ViewController.swift */,
				09E026492B7014520033B2D4 /* LaunchScreen.storyboard */,
				09E0264C2B7014520033B2D4 /* Info.plist */,
				098603612B769AB700F275FC /* GoogleService-Info.plist */,
			);
			path = "Movie Store";
			sourceTree = "<group>";
		};
		09E026542B7014530033B2D4 /* Movie StoreTests */ = {
			isa = PBXGroup;
			children = (
				09E026552B7014530033B2D4 /* Movie_StoreTests.swift */,
				09E5CE232B88FE4700060770 /* Test_AuthManager.swift */,
			);
			path = "Movie StoreTests";
			sourceTree = "<group>";
		};
		09E0265E2B7014540033B2D4 /* Movie StoreUITests */ = {
			isa = PBXGroup;
			children = (
				09E0265F2B7014540033B2D4 /* Movie_StoreUITests.swift */,
				09E026612B7014540033B2D4 /* Movie_StoreUITestsLaunchTests.swift */,
			);
			path = "Movie StoreUITests";
			sourceTree = "<group>";
		};
		09E0266E2B7021120033B2D4 /* Utils */ = {
			isa = PBXGroup;
			children = (
				09E5CE1E2B88192E00060770 /* ModelsCells */,
				09E026472B7014520033B2D4 /* Assets.xcassets */,
				091E281B2B87D77300957CE6 /* Constants.swift */,
				091E28212B87DE7700957CE6 /* APIError.swift */,
				09E5CE1C2B88153600060770 /* CoverItemCell.swift */,
			);
			path = Utils;
			sourceTree = "<group>";
		};
		09E0266F2B7021210033B2D4 /* Moduls */ = {
			isa = PBXGroup;
			children = (
				09E0267D2B7035710033B2D4 /* Sign Up */,
				09E026712B70213F0033B2D4 /* Log In */,
				09E026702B7021360033B2D4 /* Core */,
			);
			path = Moduls;
			sourceTree = "<group>";
		};
		09E026702B7021360033B2D4 /* Core */ = {
			isa = PBXGroup;
			children = (
				09E026722B7021530033B2D4 /* Browse */,
			);
			path = Core;
			sourceTree = "<group>";
		};
		09E026712B70213F0033B2D4 /* Log In */ = {
			isa = PBXGroup;
			children = (
				09E026732B7021680033B2D4 /* View */,
				09E026752B70217B0033B2D4 /* Interactor */,
				09E026762B7021820033B2D4 /* Presenter */,
				09E026742B7021720033B2D4 /* Entity */,
				09E026772B7021940033B2D4 /* Router */,
			);
			path = "Log In";
			sourceTree = "<group>";
		};
		09E026722B7021530033B2D4 /* Browse */ = {
			isa = PBXGroup;
			children = (
				096782522B86D1F000BB1C7A /* View */,
				096782532B86D1F800BB1C7A /* Interactor */,
				096782542B86D20000BB1C7A /* Presenter */,
				096782552B86D20800BB1C7A /* Entity */,
				096782562B86D21400BB1C7A /* Router */,
			);
			path = Browse;
			sourceTree = "<group>";
		};
		09E026732B7021680033B2D4 /* View */ = {
			isa = PBXGroup;
			children = (
				09E0267B2B7024420033B2D4 /* LogInViewController.swift */,
			);
			path = View;
			sourceTree = "<group>";
		};
		09E026742B7021720033B2D4 /* Entity */ = {
			isa = PBXGroup;
			children = (
			);
			path = Entity;
			sourceTree = "<group>";
		};
		09E026752B70217B0033B2D4 /* Interactor */ = {
			isa = PBXGroup;
			children = (
				09E026872B7041270033B2D4 /* LogInInterector.swift */,
			);
			path = Interactor;
			sourceTree = "<group>";
		};
		09E026762B7021820033B2D4 /* Presenter */ = {
			isa = PBXGroup;
			children = (
				09E0268A2B7042400033B2D4 /* LogInPresenter.swift */,
			);
			path = Presenter;
			sourceTree = "<group>";
		};
		09E026772B7021940033B2D4 /* Router */ = {
			isa = PBXGroup;
			children = (
				09E0267F2B703CA90033B2D4 /* LogInRouter.swift */,
			);
			path = Router;
			sourceTree = "<group>";
		};
		09E026782B70229F0033B2D4 /* Managers */ = {
			isa = PBXGroup;
			children = (
				09E026792B7022B80033B2D4 /* AuthManager.swift */,
				0986035C2B71976C00F275FC /* ValidateManager.swift */,
				092B23F62B8D59DB00B2CB69 /* MapperManager.swift */,
			);
			path = Managers;
			sourceTree = "<group>";
		};
		09E0267D2B7035710033B2D4 /* Sign Up */ = {
			isa = PBXGroup;
			children = (
				09E0267E2B70388A0033B2D4 /* View */,
				09E026822B703EDB0033B2D4 /* Interractor */,
				09E026812B703ED00033B2D4 /* Presenter */,
				09E026842B703EEC0033B2D4 /* Entity */,
				09E026832B703EE30033B2D4 /* Router */,
			);
			path = "Sign Up";
			sourceTree = "<group>";
		};
		09E0267E2B70388A0033B2D4 /* View */ = {
			isa = PBXGroup;
			children = (
				09E026902B70442D0033B2D4 /* SignUpViewController.swift */,
			);
			path = View;
			sourceTree = "<group>";
		};
		09E026812B703ED00033B2D4 /* Presenter */ = {
			isa = PBXGroup;
			children = (
				09E0268C2B7042980033B2D4 /* SignUpPresenter.swift */,
			);
			path = Presenter;
			sourceTree = "<group>";
		};
		09E026822B703EDB0033B2D4 /* Interractor */ = {
			isa = PBXGroup;
			children = (
				09E0268E2B7042C90033B2D4 /* SignUpInteractor.swift */,
			);
			path = Interractor;
			sourceTree = "<group>";
		};
		09E026832B703EE30033B2D4 /* Router */ = {
			isa = PBXGroup;
			children = (
				09E026852B703F940033B2D4 /* SignUpRouter.swift */,
			);
			path = Router;
			sourceTree = "<group>";
		};
		09E026842B703EEC0033B2D4 /* Entity */ = {
			isa = PBXGroup;
			children = (
			);
			path = Entity;
			sourceTree = "<group>";
		};
		09E5CE1E2B88192E00060770 /* ModelsCells */ = {
			isa = PBXGroup;
			children = (
				09E5CE1F2B88194C00060770 /* ItemModelCell.swift */,
				09E5CE212B88201700060770 /* HeaderReusableCellView.swift */,
			);
			path = ModelsCells;
			sourceTree = "<group>";
		};
		2C52E70FAF075A3698CD10CC /* Pods */ = {
			isa = PBXGroup;
			children = (
				F76C753B4C2AA3A848155018 /* Pods-Movie Store.debug.xcconfig */,
				4CB5DDB58989D6059D8C3AB6 /* Pods-Movie Store.release.xcconfig */,
				EA10085E1FA87911114DB047 /* Pods-Movie Store-Movie StoreUITests.debug.xcconfig */,
				AEF1C6D8A8573194FC472E4A /* Pods-Movie Store-Movie StoreUITests.release.xcconfig */,
				D0E3A915D4B4B90938DFE5FF /* Pods-Movie StoreTests.debug.xcconfig */,
				DEE984EB278C22040B1866DC /* Pods-Movie StoreTests.release.xcconfig */,
			);
			path = Pods;
			sourceTree = "<group>";
		};
		D0F04E9BD48583E43F4BB182 /* Frameworks */ = {
			isa = PBXGroup;
			children = (
				20C1CAE2BEA487A34D54AC19 /* Pods_Movie_Store.framework */,
				E35D04E50726719BB9B10C4F /* Pods_Movie_Store_Movie_StoreUITests.framework */,
				1F38E0938C1B9E3A9FB9C405 /* Pods_Movie_StoreTests.framework */,
			);
			name = Frameworks;
			sourceTree = "<group>";
		};
/* End PBXGroup section */

/* Begin PBXNativeTarget section */
		09E0263A2B7014490033B2D4 /* Movie Store */ = {
			isa = PBXNativeTarget;
			buildConfigurationList = 09E026652B7014540033B2D4 /* Build configuration list for PBXNativeTarget "Movie Store" */;
			buildPhases = (
				1EDEE6CB3AE198D1AD90F8E5 /* [CP] Check Pods Manifest.lock */,
				09E026372B7014490033B2D4 /* Sources */,
				09E026382B7014490033B2D4 /* Frameworks */,
				09E026392B7014490033B2D4 /* Resources */,
				065CE9E2CFAA591B082F6049 /* [CP] Embed Pods Frameworks */,
			);
			buildRules = (
			);
			dependencies = (
			);
			name = "Movie Store";
			productName = "Movie Store";
			productReference = 09E0263B2B7014490033B2D4 /* Movie Store.app */;
			productType = "com.apple.product-type.application";
		};
		09E026502B7014530033B2D4 /* Movie StoreTests */ = {
			isa = PBXNativeTarget;
			buildConfigurationList = 09E026682B7014540033B2D4 /* Build configuration list for PBXNativeTarget "Movie StoreTests" */;
			buildPhases = (
				920AC318F1A70AFC7CB3C794 /* [CP] Check Pods Manifest.lock */,
				09E0264D2B7014530033B2D4 /* Sources */,
				09E0264E2B7014530033B2D4 /* Frameworks */,
				09E0264F2B7014530033B2D4 /* Resources */,
			);
			buildRules = (
			);
			dependencies = (
				09E026532B7014530033B2D4 /* PBXTargetDependency */,
			);
			name = "Movie StoreTests";
			productName = "Movie StoreTests";
			productReference = 09E026512B7014530033B2D4 /* Movie StoreTests.xctest */;
			productType = "com.apple.product-type.bundle.unit-test";
		};
		09E0265A2B7014540033B2D4 /* Movie StoreUITests */ = {
			isa = PBXNativeTarget;
			buildConfigurationList = 09E0266B2B7014540033B2D4 /* Build configuration list for PBXNativeTarget "Movie StoreUITests" */;
			buildPhases = (
				0290A8B03D3D422E00F632B2 /* [CP] Check Pods Manifest.lock */,
				09E026572B7014540033B2D4 /* Sources */,
				09E026582B7014540033B2D4 /* Frameworks */,
				09E026592B7014540033B2D4 /* Resources */,
				8724F0E678BA9B270655A698 /* [CP] Embed Pods Frameworks */,
			);
			buildRules = (
			);
			dependencies = (
				09E0265D2B7014540033B2D4 /* PBXTargetDependency */,
			);
			name = "Movie StoreUITests";
			productName = "Movie StoreUITests";
			productReference = 09E0265B2B7014540033B2D4 /* Movie StoreUITests.xctest */;
			productType = "com.apple.product-type.bundle.ui-testing";
		};
/* End PBXNativeTarget section */

/* Begin PBXProject section */
		09E026332B7014480033B2D4 /* Project object */ = {
			isa = PBXProject;
			attributes = {
				BuildIndependentTargetsInParallel = 1;
				LastSwiftUpdateCheck = 1420;
				LastUpgradeCheck = 1420;
				TargetAttributes = {
					09E0263A2B7014490033B2D4 = {
						CreatedOnToolsVersion = 14.2;
					};
					09E026502B7014530033B2D4 = {
						CreatedOnToolsVersion = 14.2;
						TestTargetID = 09E0263A2B7014490033B2D4;
					};
					09E0265A2B7014540033B2D4 = {
						CreatedOnToolsVersion = 14.2;
						TestTargetID = 09E0263A2B7014490033B2D4;
					};
				};
			};
			buildConfigurationList = 09E026362B7014480033B2D4 /* Build configuration list for PBXProject "Movie Store" */;
			compatibilityVersion = "Xcode 14.0";
			developmentRegion = en;
			hasScannedForEncodings = 0;
			knownRegions = (
				en,
				Base,
			);
			mainGroup = 09E026322B7014480033B2D4;
			productRefGroup = 09E0263C2B7014490033B2D4 /* Products */;
			projectDirPath = "";
			projectRoot = "";
			targets = (
				09E0263A2B7014490033B2D4 /* Movie Store */,
				09E026502B7014530033B2D4 /* Movie StoreTests */,
				09E0265A2B7014540033B2D4 /* Movie StoreUITests */,
			);
		};
/* End PBXProject section */

/* Begin PBXResourcesBuildPhase section */
		09E026392B7014490033B2D4 /* Resources */ = {
			isa = PBXResourcesBuildPhase;
			buildActionMask = 2147483647;
			files = (
				09E0264B2B7014520033B2D4 /* LaunchScreen.storyboard in Resources */,
				09E026482B7014520033B2D4 /* Assets.xcassets in Resources */,
				098603622B769AB700F275FC /* GoogleService-Info.plist in Resources */,
			);
			runOnlyForDeploymentPostprocessing = 0;
		};
		09E0264F2B7014530033B2D4 /* Resources */ = {
			isa = PBXResourcesBuildPhase;
			buildActionMask = 2147483647;
			files = (
			);
			runOnlyForDeploymentPostprocessing = 0;
		};
		09E026592B7014540033B2D4 /* Resources */ = {
			isa = PBXResourcesBuildPhase;
			buildActionMask = 2147483647;
			files = (
			);
			runOnlyForDeploymentPostprocessing = 0;
		};
/* End PBXResourcesBuildPhase section */

/* Begin PBXShellScriptBuildPhase section */
		0290A8B03D3D422E00F632B2 /* [CP] Check Pods Manifest.lock */ = {
			isa = PBXShellScriptBuildPhase;
			buildActionMask = 2147483647;
			files = (
			);
			inputFileListPaths = (
			);
			inputPaths = (
				"${PODS_PODFILE_DIR_PATH}/Podfile.lock",
				"${PODS_ROOT}/Manifest.lock",
			);
			name = "[CP] Check Pods Manifest.lock";
			outputFileListPaths = (
			);
			outputPaths = (
				"$(DERIVED_FILE_DIR)/Pods-Movie Store-Movie StoreUITests-checkManifestLockResult.txt",
			);
			runOnlyForDeploymentPostprocessing = 0;
			shellPath = /bin/sh;
			shellScript = "diff \"${PODS_PODFILE_DIR_PATH}/Podfile.lock\" \"${PODS_ROOT}/Manifest.lock\" > /dev/null\nif [ $? != 0 ] ; then\n    # print error to STDERR\n    echo \"error: The sandbox is not in sync with the Podfile.lock. Run 'pod install' or update your CocoaPods installation.\" >&2\n    exit 1\nfi\n# This output is used by Xcode 'outputs' to avoid re-running this script phase.\necho \"SUCCESS\" > \"${SCRIPT_OUTPUT_FILE_0}\"\n";
			showEnvVarsInLog = 0;
		};
		065CE9E2CFAA591B082F6049 /* [CP] Embed Pods Frameworks */ = {
			isa = PBXShellScriptBuildPhase;
			buildActionMask = 2147483647;
			files = (
			);
			inputFileListPaths = (
				"${PODS_ROOT}/Target Support Files/Pods-Movie Store/Pods-Movie Store-frameworks-${CONFIGURATION}-input-files.xcfilelist",
			);
			name = "[CP] Embed Pods Frameworks";
			outputFileListPaths = (
				"${PODS_ROOT}/Target Support Files/Pods-Movie Store/Pods-Movie Store-frameworks-${CONFIGURATION}-output-files.xcfilelist",
			);
			runOnlyForDeploymentPostprocessing = 0;
			shellPath = /bin/sh;
			shellScript = "\"${PODS_ROOT}/Target Support Files/Pods-Movie Store/Pods-Movie Store-frameworks.sh\"\n";
			showEnvVarsInLog = 0;
		};
		1EDEE6CB3AE198D1AD90F8E5 /* [CP] Check Pods Manifest.lock */ = {
			isa = PBXShellScriptBuildPhase;
			buildActionMask = 2147483647;
			files = (
			);
			inputFileListPaths = (
			);
			inputPaths = (
				"${PODS_PODFILE_DIR_PATH}/Podfile.lock",
				"${PODS_ROOT}/Manifest.lock",
			);
			name = "[CP] Check Pods Manifest.lock";
			outputFileListPaths = (
			);
			outputPaths = (
				"$(DERIVED_FILE_DIR)/Pods-Movie Store-checkManifestLockResult.txt",
			);
			runOnlyForDeploymentPostprocessing = 0;
			shellPath = /bin/sh;
			shellScript = "diff \"${PODS_PODFILE_DIR_PATH}/Podfile.lock\" \"${PODS_ROOT}/Manifest.lock\" > /dev/null\nif [ $? != 0 ] ; then\n    # print error to STDERR\n    echo \"error: The sandbox is not in sync with the Podfile.lock. Run 'pod install' or update your CocoaPods installation.\" >&2\n    exit 1\nfi\n# This output is used by Xcode 'outputs' to avoid re-running this script phase.\necho \"SUCCESS\" > \"${SCRIPT_OUTPUT_FILE_0}\"\n";
			showEnvVarsInLog = 0;
		};
		8724F0E678BA9B270655A698 /* [CP] Embed Pods Frameworks */ = {
			isa = PBXShellScriptBuildPhase;
			buildActionMask = 2147483647;
			files = (
			);
			inputFileListPaths = (
				"${PODS_ROOT}/Target Support Files/Pods-Movie Store-Movie StoreUITests/Pods-Movie Store-Movie StoreUITests-frameworks-${CONFIGURATION}-input-files.xcfilelist",
			);
			name = "[CP] Embed Pods Frameworks";
			outputFileListPaths = (
				"${PODS_ROOT}/Target Support Files/Pods-Movie Store-Movie StoreUITests/Pods-Movie Store-Movie StoreUITests-frameworks-${CONFIGURATION}-output-files.xcfilelist",
			);
			runOnlyForDeploymentPostprocessing = 0;
			shellPath = /bin/sh;
			shellScript = "\"${PODS_ROOT}/Target Support Files/Pods-Movie Store-Movie StoreUITests/Pods-Movie Store-Movie StoreUITests-frameworks.sh\"\n";
			showEnvVarsInLog = 0;
		};
		920AC318F1A70AFC7CB3C794 /* [CP] Check Pods Manifest.lock */ = {
			isa = PBXShellScriptBuildPhase;
			buildActionMask = 2147483647;
			files = (
			);
			inputFileListPaths = (
			);
			inputPaths = (
				"${PODS_PODFILE_DIR_PATH}/Podfile.lock",
				"${PODS_ROOT}/Manifest.lock",
			);
			name = "[CP] Check Pods Manifest.lock";
			outputFileListPaths = (
			);
			outputPaths = (
				"$(DERIVED_FILE_DIR)/Pods-Movie StoreTests-checkManifestLockResult.txt",
			);
			runOnlyForDeploymentPostprocessing = 0;
			shellPath = /bin/sh;
			shellScript = "diff \"${PODS_PODFILE_DIR_PATH}/Podfile.lock\" \"${PODS_ROOT}/Manifest.lock\" > /dev/null\nif [ $? != 0 ] ; then\n    # print error to STDERR\n    echo \"error: The sandbox is not in sync with the Podfile.lock. Run 'pod install' or update your CocoaPods installation.\" >&2\n    exit 1\nfi\n# This output is used by Xcode 'outputs' to avoid re-running this script phase.\necho \"SUCCESS\" > \"${SCRIPT_OUTPUT_FILE_0}\"\n";
			showEnvVarsInLog = 0;
		};
/* End PBXShellScriptBuildPhase section */

/* Begin PBXSourcesBuildPhase section */
		09E026372B7014490033B2D4 /* Sources */ = {
			isa = PBXSourcesBuildPhase;
			buildActionMask = 2147483647;
			files = (
				09E026882B7041270033B2D4 /* LogInInterector.swift in Sources */,
				09E026802B703CA90033B2D4 /* LogInRouter.swift in Sources */,
				09E026432B7014490033B2D4 /* ViewController.swift in Sources */,
				09E026862B703F940033B2D4 /* SignUpRouter.swift in Sources */,
				09E0267A2B7022B80033B2D4 /* AuthManager.swift in Sources */,
				09E0263F2B7014490033B2D4 /* AppDelegate.swift in Sources */,
				0967825A2B87CAA600BB1C7A /* BrowserInteractor.swift in Sources */,
				091E281E2B87D95300957CE6 /* TopRateResponseEntity.swift in Sources */,
				0967825E2B87D48300BB1C7A /* BrowserRouter.swift in Sources */,
				092B23F32B8D586000B2CB69 /* UpComingResponseEntity.swift in Sources */,
				096782582B86D26800BB1C7A /* BrowseViewController.swift in Sources */,
				09E5CE1D2B88153600060770 /* CoverItemCell.swift in Sources */,
				091E28202B87D9EC00957CE6 /* TopRateEntity.swift in Sources */,
				0986035D2B71976C00F275FC /* ValidateManager.swift in Sources */,
				092B23F72B8D59DB00B2CB69 /* MapperManager.swift in Sources */,
				09E026912B70442D0033B2D4 /* SignUpViewController.swift in Sources */,
				09E5CE222B88201700060770 /* HeaderReusableCellView.swift in Sources */,
				09E0267C2B7024420033B2D4 /* LogInViewController.swift in Sources */,
				09E026412B7014490033B2D4 /* SceneDelegate.swift in Sources */,
				092B23EB2B8D579100B2CB69 /* PopularMovieResponseEntity.swift in Sources */,
				09E5CE202B88194C00060770 /* ItemModelCell.swift in Sources */,
				09E0268F2B7042C90033B2D4 /* SignUpInteractor.swift in Sources */,
				0967825C2B87CB1600BB1C7A /* BrowserPresenter.swift in Sources */,
				09E0268D2B7042980033B2D4 /* SignUpPresenter.swift in Sources */,
				09E0268B2B7042400033B2D4 /* LogInPresenter.swift in Sources */,
				092B23F52B8D588B00B2CB69 /* UpComingEntity.swift in Sources */,
				091E281C2B87D77300957CE6 /* Constants.swift in Sources */,
				092B23EF2B8D57D300B2CB69 /* NowPlayingResponseEntity.swift in Sources */,
				091E28222B87DE7700957CE6 /* APIError.swift in Sources */,
				092B23F12B8D581700B2CB69 /* NowPlayingEntity.swift in Sources */,
				092B23ED2B8D57B400B2CB69 /* PopularMovieEntity.swift in Sources */,
			);
			runOnlyForDeploymentPostprocessing = 0;
		};
		09E0264D2B7014530033B2D4 /* Sources */ = {
			isa = PBXSourcesBuildPhase;
			buildActionMask = 2147483647;
			files = (
				09E026562B7014530033B2D4 /* Movie_StoreTests.swift in Sources */,
				09E5CE242B88FE4700060770 /* Test_AuthManager.swift in Sources */,
			);
			runOnlyForDeploymentPostprocessing = 0;
		};
		09E026572B7014540033B2D4 /* Sources */ = {
			isa = PBXSourcesBuildPhase;
			buildActionMask = 2147483647;
			files = (
				09E026602B7014540033B2D4 /* Movie_StoreUITests.swift in Sources */,
				09E026622B7014540033B2D4 /* Movie_StoreUITestsLaunchTests.swift in Sources */,
			);
			runOnlyForDeploymentPostprocessing = 0;
		};
/* End PBXSourcesBuildPhase section */

/* Begin PBXTargetDependency section */
		09E026532B7014530033B2D4 /* PBXTargetDependency */ = {
			isa = PBXTargetDependency;
			target = 09E0263A2B7014490033B2D4 /* Movie Store */;
			targetProxy = 09E026522B7014530033B2D4 /* PBXContainerItemProxy */;
		};
		09E0265D2B7014540033B2D4 /* PBXTargetDependency */ = {
			isa = PBXTargetDependency;
			target = 09E0263A2B7014490033B2D4 /* Movie Store */;
			targetProxy = 09E0265C2B7014540033B2D4 /* PBXContainerItemProxy */;
		};
/* End PBXTargetDependency section */

/* Begin PBXVariantGroup section */
		09E026492B7014520033B2D4 /* LaunchScreen.storyboard */ = {
			isa = PBXVariantGroup;
			children = (
				09E0264A2B7014520033B2D4 /* Base */,
			);
			name = LaunchScreen.storyboard;
			sourceTree = "<group>";
		};
/* End PBXVariantGroup section */

/* Begin XCBuildConfiguration section */
		09E026632B7014540033B2D4 /* Debug */ = {
			isa = XCBuildConfiguration;
			buildSettings = {
				ALWAYS_SEARCH_USER_PATHS = NO;
				CLANG_ANALYZER_NONNULL = YES;
				CLANG_ANALYZER_NUMBER_OBJECT_CONVERSION = YES_AGGRESSIVE;
				CLANG_CXX_LANGUAGE_STANDARD = "gnu++20";
				CLANG_ENABLE_MODULES = YES;
				CLANG_ENABLE_OBJC_ARC = YES;
				CLANG_ENABLE_OBJC_WEAK = YES;
				CLANG_WARN_BLOCK_CAPTURE_AUTORELEASING = YES;
				CLANG_WARN_BOOL_CONVERSION = YES;
				CLANG_WARN_COMMA = YES;
				CLANG_WARN_CONSTANT_CONVERSION = YES;
				CLANG_WARN_DEPRECATED_OBJC_IMPLEMENTATIONS = YES;
				CLANG_WARN_DIRECT_OBJC_ISA_USAGE = YES_ERROR;
				CLANG_WARN_DOCUMENTATION_COMMENTS = YES;
				CLANG_WARN_EMPTY_BODY = YES;
				CLANG_WARN_ENUM_CONVERSION = YES;
				CLANG_WARN_INFINITE_RECURSION = YES;
				CLANG_WARN_INT_CONVERSION = YES;
				CLANG_WARN_NON_LITERAL_NULL_CONVERSION = YES;
				CLANG_WARN_OBJC_IMPLICIT_RETAIN_SELF = YES;
				CLANG_WARN_OBJC_LITERAL_CONVERSION = YES;
				CLANG_WARN_OBJC_ROOT_CLASS = YES_ERROR;
				CLANG_WARN_QUOTED_INCLUDE_IN_FRAMEWORK_HEADER = YES;
				CLANG_WARN_RANGE_LOOP_ANALYSIS = YES;
				CLANG_WARN_STRICT_PROTOTYPES = YES;
				CLANG_WARN_SUSPICIOUS_MOVE = YES;
				CLANG_WARN_UNGUARDED_AVAILABILITY = YES_AGGRESSIVE;
				CLANG_WARN_UNREACHABLE_CODE = YES;
				CLANG_WARN__DUPLICATE_METHOD_MATCH = YES;
				COPY_PHASE_STRIP = NO;
				DEBUG_INFORMATION_FORMAT = dwarf;
				ENABLE_STRICT_OBJC_MSGSEND = YES;
				ENABLE_TESTABILITY = YES;
				GCC_C_LANGUAGE_STANDARD = gnu11;
				GCC_DYNAMIC_NO_PIC = NO;
				GCC_NO_COMMON_BLOCKS = YES;
				GCC_OPTIMIZATION_LEVEL = 0;
				GCC_PREPROCESSOR_DEFINITIONS = (
					"DEBUG=1",
					"$(inherited)",
				);
				GCC_WARN_64_TO_32_BIT_CONVERSION = YES;
				GCC_WARN_ABOUT_RETURN_TYPE = YES_ERROR;
				GCC_WARN_UNDECLARED_SELECTOR = YES;
				GCC_WARN_UNINITIALIZED_AUTOS = YES_AGGRESSIVE;
				GCC_WARN_UNUSED_FUNCTION = YES;
				GCC_WARN_UNUSED_VARIABLE = YES;
				IPHONEOS_DEPLOYMENT_TARGET = 16.2;
				MTL_ENABLE_DEBUG_INFO = INCLUDE_SOURCE;
				MTL_FAST_MATH = YES;
				ONLY_ACTIVE_ARCH = YES;
				SDKROOT = iphoneos;
				SWIFT_ACTIVE_COMPILATION_CONDITIONS = DEBUG;
				SWIFT_OPTIMIZATION_LEVEL = "-Onone";
			};
			name = Debug;
		};
		09E026642B7014540033B2D4 /* Release */ = {
			isa = XCBuildConfiguration;
			buildSettings = {
				ALWAYS_SEARCH_USER_PATHS = NO;
				CLANG_ANALYZER_NONNULL = YES;
				CLANG_ANALYZER_NUMBER_OBJECT_CONVERSION = YES_AGGRESSIVE;
				CLANG_CXX_LANGUAGE_STANDARD = "gnu++20";
				CLANG_ENABLE_MODULES = YES;
				CLANG_ENABLE_OBJC_ARC = YES;
				CLANG_ENABLE_OBJC_WEAK = YES;
				CLANG_WARN_BLOCK_CAPTURE_AUTORELEASING = YES;
				CLANG_WARN_BOOL_CONVERSION = YES;
				CLANG_WARN_COMMA = YES;
				CLANG_WARN_CONSTANT_CONVERSION = YES;
				CLANG_WARN_DEPRECATED_OBJC_IMPLEMENTATIONS = YES;
				CLANG_WARN_DIRECT_OBJC_ISA_USAGE = YES_ERROR;
				CLANG_WARN_DOCUMENTATION_COMMENTS = YES;
				CLANG_WARN_EMPTY_BODY = YES;
				CLANG_WARN_ENUM_CONVERSION = YES;
				CLANG_WARN_INFINITE_RECURSION = YES;
				CLANG_WARN_INT_CONVERSION = YES;
				CLANG_WARN_NON_LITERAL_NULL_CONVERSION = YES;
				CLANG_WARN_OBJC_IMPLICIT_RETAIN_SELF = YES;
				CLANG_WARN_OBJC_LITERAL_CONVERSION = YES;
				CLANG_WARN_OBJC_ROOT_CLASS = YES_ERROR;
				CLANG_WARN_QUOTED_INCLUDE_IN_FRAMEWORK_HEADER = YES;
				CLANG_WARN_RANGE_LOOP_ANALYSIS = YES;
				CLANG_WARN_STRICT_PROTOTYPES = YES;
				CLANG_WARN_SUSPICIOUS_MOVE = YES;
				CLANG_WARN_UNGUARDED_AVAILABILITY = YES_AGGRESSIVE;
				CLANG_WARN_UNREACHABLE_CODE = YES;
				CLANG_WARN__DUPLICATE_METHOD_MATCH = YES;
				COPY_PHASE_STRIP = NO;
				DEBUG_INFORMATION_FORMAT = "dwarf-with-dsym";
				ENABLE_NS_ASSERTIONS = NO;
				ENABLE_STRICT_OBJC_MSGSEND = YES;
				GCC_C_LANGUAGE_STANDARD = gnu11;
				GCC_NO_COMMON_BLOCKS = YES;
				GCC_WARN_64_TO_32_BIT_CONVERSION = YES;
				GCC_WARN_ABOUT_RETURN_TYPE = YES_ERROR;
				GCC_WARN_UNDECLARED_SELECTOR = YES;
				GCC_WARN_UNINITIALIZED_AUTOS = YES_AGGRESSIVE;
				GCC_WARN_UNUSED_FUNCTION = YES;
				GCC_WARN_UNUSED_VARIABLE = YES;
				IPHONEOS_DEPLOYMENT_TARGET = 16.2;
				MTL_ENABLE_DEBUG_INFO = NO;
				MTL_FAST_MATH = YES;
				SDKROOT = iphoneos;
				SWIFT_COMPILATION_MODE = wholemodule;
				SWIFT_OPTIMIZATION_LEVEL = "-O";
				VALIDATE_PRODUCT = YES;
			};
			name = Release;
		};
		09E026662B7014540033B2D4 /* Debug */ = {
			isa = XCBuildConfiguration;
			baseConfigurationReference = F76C753B4C2AA3A848155018 /* Pods-Movie Store.debug.xcconfig */;
			buildSettings = {
				ASSETCATALOG_COMPILER_APPICON_NAME = AppIcon;
				ASSETCATALOG_COMPILER_GLOBAL_ACCENT_COLOR_NAME = AccentColor;
				CODE_SIGN_STYLE = Automatic;
				CURRENT_PROJECT_VERSION = 1;
				DEVELOPMENT_TEAM = 5WR73Q6863;
				GENERATE_INFOPLIST_FILE = YES;
				INFOPLIST_FILE = "Movie Store/Info.plist";
				INFOPLIST_KEY_UIApplicationSupportsIndirectInputEvents = YES;
				INFOPLIST_KEY_UILaunchStoryboardName = LaunchScreen;
				INFOPLIST_KEY_UISupportedInterfaceOrientations = UIInterfaceOrientationPortrait;
				LD_RUNPATH_SEARCH_PATHS = (
					"$(inherited)",
					"@executable_path/Frameworks",
				);
				MARKETING_VERSION = 1.0;
				PRODUCT_BUNDLE_IDENTIFIER = "com.adriancysvillegas.Movie-Store";
				PRODUCT_NAME = "$(TARGET_NAME)";
				SWIFT_EMIT_LOC_STRINGS = YES;
				SWIFT_VERSION = 5.0;
				TARGETED_DEVICE_FAMILY = "1,2";
			};
			name = Debug;
		};
		09E026672B7014540033B2D4 /* Release */ = {
			isa = XCBuildConfiguration;
			baseConfigurationReference = 4CB5DDB58989D6059D8C3AB6 /* Pods-Movie Store.release.xcconfig */;
			buildSettings = {
				ASSETCATALOG_COMPILER_APPICON_NAME = AppIcon;
				ASSETCATALOG_COMPILER_GLOBAL_ACCENT_COLOR_NAME = AccentColor;
				CODE_SIGN_STYLE = Automatic;
				CURRENT_PROJECT_VERSION = 1;
				DEVELOPMENT_TEAM = 5WR73Q6863;
				GENERATE_INFOPLIST_FILE = YES;
				INFOPLIST_FILE = "Movie Store/Info.plist";
				INFOPLIST_KEY_UIApplicationSupportsIndirectInputEvents = YES;
				INFOPLIST_KEY_UILaunchStoryboardName = LaunchScreen;
				INFOPLIST_KEY_UISupportedInterfaceOrientations = UIInterfaceOrientationPortrait;
				LD_RUNPATH_SEARCH_PATHS = (
					"$(inherited)",
					"@executable_path/Frameworks",
				);
				MARKETING_VERSION = 1.0;
				PRODUCT_BUNDLE_IDENTIFIER = "com.adriancysvillegas.Movie-Store";
				PRODUCT_NAME = "$(TARGET_NAME)";
				SWIFT_EMIT_LOC_STRINGS = YES;
				SWIFT_VERSION = 5.0;
				TARGETED_DEVICE_FAMILY = "1,2";
			};
			name = Release;
		};
		09E026692B7014540033B2D4 /* Debug */ = {
			isa = XCBuildConfiguration;
			baseConfigurationReference = D0E3A915D4B4B90938DFE5FF /* Pods-Movie StoreTests.debug.xcconfig */;
			buildSettings = {
				ALWAYS_EMBED_SWIFT_STANDARD_LIBRARIES = YES;
				BUNDLE_LOADER = "$(TEST_HOST)";
				CODE_SIGN_STYLE = Automatic;
				CURRENT_PROJECT_VERSION = 1;
				DEVELOPMENT_TEAM = 5WR73Q6863;
				GENERATE_INFOPLIST_FILE = YES;
				IPHONEOS_DEPLOYMENT_TARGET = 16.2;
				MARKETING_VERSION = 1.0;
				PRODUCT_BUNDLE_IDENTIFIER = "com.adriancysvillegas.Movie-StoreTests";
				PRODUCT_NAME = "$(TARGET_NAME)";
				SWIFT_EMIT_LOC_STRINGS = NO;
				SWIFT_VERSION = 5.0;
				TARGETED_DEVICE_FAMILY = "1,2";
				TEST_HOST = "$(BUILT_PRODUCTS_DIR)/Movie Store.app/$(BUNDLE_EXECUTABLE_FOLDER_PATH)/Movie Store";
			};
			name = Debug;
		};
		09E0266A2B7014540033B2D4 /* Release */ = {
			isa = XCBuildConfiguration;
			baseConfigurationReference = DEE984EB278C22040B1866DC /* Pods-Movie StoreTests.release.xcconfig */;
			buildSettings = {
				ALWAYS_EMBED_SWIFT_STANDARD_LIBRARIES = YES;
				BUNDLE_LOADER = "$(TEST_HOST)";
				CODE_SIGN_STYLE = Automatic;
				CURRENT_PROJECT_VERSION = 1;
				DEVELOPMENT_TEAM = 5WR73Q6863;
				GENERATE_INFOPLIST_FILE = YES;
				IPHONEOS_DEPLOYMENT_TARGET = 16.2;
				MARKETING_VERSION = 1.0;
				PRODUCT_BUNDLE_IDENTIFIER = "com.adriancysvillegas.Movie-StoreTests";
				PRODUCT_NAME = "$(TARGET_NAME)";
				SWIFT_EMIT_LOC_STRINGS = NO;
				SWIFT_VERSION = 5.0;
				TARGETED_DEVICE_FAMILY = "1,2";
				TEST_HOST = "$(BUILT_PRODUCTS_DIR)/Movie Store.app/$(BUNDLE_EXECUTABLE_FOLDER_PATH)/Movie Store";
			};
			name = Release;
		};
		09E0266C2B7014540033B2D4 /* Debug */ = {
			isa = XCBuildConfiguration;
			baseConfigurationReference = EA10085E1FA87911114DB047 /* Pods-Movie Store-Movie StoreUITests.debug.xcconfig */;
			buildSettings = {
				ALWAYS_EMBED_SWIFT_STANDARD_LIBRARIES = YES;
				CODE_SIGN_STYLE = Automatic;
				CURRENT_PROJECT_VERSION = 1;
				DEVELOPMENT_TEAM = 5WR73Q6863;
				GENERATE_INFOPLIST_FILE = YES;
				MARKETING_VERSION = 1.0;
				PRODUCT_BUNDLE_IDENTIFIER = "com.adriancysvillegas.Movie-StoreUITests";
				PRODUCT_NAME = "$(TARGET_NAME)";
				SWIFT_EMIT_LOC_STRINGS = NO;
				SWIFT_VERSION = 5.0;
				TARGETED_DEVICE_FAMILY = "1,2";
				TEST_TARGET_NAME = "Movie Store";
			};
			name = Debug;
		};
		09E0266D2B7014540033B2D4 /* Release */ = {
			isa = XCBuildConfiguration;
			baseConfigurationReference = AEF1C6D8A8573194FC472E4A /* Pods-Movie Store-Movie StoreUITests.release.xcconfig */;
			buildSettings = {
				ALWAYS_EMBED_SWIFT_STANDARD_LIBRARIES = YES;
				CODE_SIGN_STYLE = Automatic;
				CURRENT_PROJECT_VERSION = 1;
				DEVELOPMENT_TEAM = 5WR73Q6863;
				GENERATE_INFOPLIST_FILE = YES;
				MARKETING_VERSION = 1.0;
				PRODUCT_BUNDLE_IDENTIFIER = "com.adriancysvillegas.Movie-StoreUITests";
				PRODUCT_NAME = "$(TARGET_NAME)";
				SWIFT_EMIT_LOC_STRINGS = NO;
				SWIFT_VERSION = 5.0;
				TARGETED_DEVICE_FAMILY = "1,2";
				TEST_TARGET_NAME = "Movie Store";
			};
			name = Release;
		};
/* End XCBuildConfiguration section */

/* Begin XCConfigurationList section */
		09E026362B7014480033B2D4 /* Build configuration list for PBXProject "Movie Store" */ = {
			isa = XCConfigurationList;
			buildConfigurations = (
				09E026632B7014540033B2D4 /* Debug */,
				09E026642B7014540033B2D4 /* Release */,
			);
			defaultConfigurationIsVisible = 0;
			defaultConfigurationName = Release;
		};
		09E026652B7014540033B2D4 /* Build configuration list for PBXNativeTarget "Movie Store" */ = {
			isa = XCConfigurationList;
			buildConfigurations = (
				09E026662B7014540033B2D4 /* Debug */,
				09E026672B7014540033B2D4 /* Release */,
			);
			defaultConfigurationIsVisible = 0;
			defaultConfigurationName = Release;
		};
		09E026682B7014540033B2D4 /* Build configuration list for PBXNativeTarget "Movie StoreTests" */ = {
			isa = XCConfigurationList;
			buildConfigurations = (
				09E026692B7014540033B2D4 /* Debug */,
				09E0266A2B7014540033B2D4 /* Release */,
			);
			defaultConfigurationIsVisible = 0;
			defaultConfigurationName = Release;
		};
		09E0266B2B7014540033B2D4 /* Build configuration list for PBXNativeTarget "Movie StoreUITests" */ = {
			isa = XCConfigurationList;
			buildConfigurations = (
				09E0266C2B7014540033B2D4 /* Debug */,
				09E0266D2B7014540033B2D4 /* Release */,
			);
			defaultConfigurationIsVisible = 0;
			defaultConfigurationName = Release;
		};
/* End XCConfigurationList section */
	};
	rootObject = 09E026332B7014480033B2D4 /* Project object */;
}
